{
    "name": "text-2d",
    "version": "1.0.0",
    "lockfileVersion": 2,
    "requires": true,
    "packages": {
        "": {
            "name": "text-2d",
            "version": "1.0.0",
            "dependencies": {
                "@tweenjs/tween.js": "^18.5.0",
                "chroma-js": "^2.1.0",
                "three": "^0.116.1",
                "three-text2d": "^0.6.0"
            },
            "devDependencies": {
                "@types/chroma-js": "^2.0.0",
                "@types/tween.js": "^18.5.0",
                "typescript": "^3.8.3"
            }
        },
        "node_modules/@tweenjs/tween.js": {
            "version": "18.5.0",
            "resolved": "https://registry.npmjs.org/@tweenjs/tween.js/-/tween.js-18.5.0.tgz",
            "integrity": "sha512-/qyhdvbc6vWsFuiK7Wq74ZMu1F/9sFRlBv2qnjeu70XI0HRC8zOfUqbXT2irVLCSVuCI/fI7HphGdbsbyQ/Q5w=="
        },
        "node_modules/@types/chroma-js": {
            "version": "2.0.0",
            "resolved": "https://registry.npmjs.org/@types/chroma-js/-/chroma-js-2.0.0.tgz",
            "integrity": "sha512-iomunXsXjDxhm2y1OeJt8NwmgC7RyNkPAOddlYVGsbGoX8+1jYt84SG4/tf6RWcwzROLx1kPXPE95by1s+ebIg==",
            "dev": true
        },
        "node_modules/@types/tween.js": {
            "version": "18.5.0",
            "resolved": "https://registry.npmjs.org/@types/tween.js/-/tween.js-18.5.0.tgz",
            "integrity": "sha512-jx8DQOAYj9XOaa0sf0Ixy0bYhx3qFozyDiZnF8Mtfio6Uf9NJt/+RkuYHFmQ4DtHFty+wtVfN08jWJeYAfwcpA==",
            "dev": true
        },
        "node_modules/chroma-js": {
            "version": "2.1.0",
            "resolved": "https://registry.npmjs.org/chroma-js/-/chroma-js-2.1.0.tgz",
            "integrity": "sha512-uiRdh4ZZy+UTPSrAdp8hqEdVb1EllLtTHOt5TMaOjJUvi+O54/83Fc5K2ld1P+TJX+dw5B+8/sCgzI6eaur/lg==",
            "dependencies": {
                "cross-env": "^6.0.3"
            }
        },
        "node_modules/cross-env": {
            "version": "6.0.3",
            "resolved": "https://registry.npmjs.org/cross-env/-/cross-env-6.0.3.tgz",
            "integrity": "sha512-+KqxF6LCvfhWvADcDPqo64yVIB31gv/jQulX2NGzKS/g3GEVz6/pt4wjHFtFWsHMddebWD/sDthJemzM4MaAag==",
            "dependencies": {
                "cross-spawn": "^7.0.0"
            },
            "bin": {
                "cross-env": "src/bin/cross-env.js",
                "cross-env-shell": "src/bin/cross-env-shell.js"
            },
            "engines": {
                "node": ">=8.0"
            }
        },
        "node_modules/cross-env/node_modules/cross-spawn": {
            "version": "7.0.2",
            "resolved": "https://registry.npmjs.org/cross-spawn/-/cross-spawn-7.0.2.tgz",
            "integrity": "sha512-PD6G8QG3S4FK/XCGFbEQrDqO2AnMMsy0meR7lerlIOHAAbkuavGU/pOqprrlvfTNjvowivTeBsjebAL0NSoMxw==",
            "dependencies": {
                "path-key": "^3.1.0",
                "shebang-command": "^2.0.0",
                "which": "^2.0.1"
            },
            "engines": {
                "node": ">= 8"
            }
        },
        "node_modules/cross-env/node_modules/path-key": {
            "version": "3.1.1",
            "resolved": "https://registry.npmjs.org/path-key/-/path-key-3.1.1.tgz",
            "integrity": "sha512-ojmeN0qd+y0jszEtoY48r0Peq5dwMEkIlCOu6Q5f41lfkswXuKtYrhgoTpLnyIcHm24Uhqx+5Tqm2InSwLhE6Q==",
            "engines": {
                "node": ">=8"
            }
        },
        "node_modules/cross-env/node_modules/shebang-command": {
            "version": "2.0.0",
            "resolved": "https://registry.npmjs.org/shebang-command/-/shebang-command-2.0.0.tgz",
            "integrity": "sha512-kHxr2zZpYtdmrN1qDjrrX/Z1rR1kG8Dx+gkpK1G4eXmvXswmcE1hTWBWYUzlraYw1/yZp6YuDY77YtvbN0dmDA==",
            "dependencies": {
                "shebang-regex": "^3.0.0"
            },
            "engines": {
                "node": ">=8"
            }
        },
        "node_modules/cross-env/node_modules/shebang-regex": {
            "version": "3.0.0",
            "resolved": "https://registry.npmjs.org/shebang-regex/-/shebang-regex-3.0.0.tgz",
            "integrity": "sha512-7++dFhtcx3353uBaq8DDR4NuxBetBzC7ZQOhmTQInHEd6bSrXdiEyzCvG07Z44UYdLShWUyXt5M/yhz8ekcb1A==",
            "engines": {
                "node": ">=8"
            }
        },
        "node_modules/cross-env/node_modules/which": {
            "version": "2.0.2",
            "resolved": "https://registry.npmjs.org/which/-/which-2.0.2.tgz",
            "integrity": "sha512-BLI3Tl1TW3Pvl70l3yq3Y64i+awpwXqsGBYWkkqMtnbXgrMD+yj7rhW0kuEDxzJaYXGjEW5ogapKNMEKNMjibA==",
            "dependencies": {
                "isexe": "^2.0.0"
            },
            "bin": {
                "node-which": "bin/node-which"
            },
            "engines": {
                "node": ">= 8"
            }
        },
        "node_modules/isexe": {
            "version": "2.0.0",
            "resolved": "https://registry.npmjs.org/isexe/-/isexe-2.0.0.tgz",
            "integrity": "sha1-6PvzdNxVb/iUehDcsFctYz8s+hA="
        },
        "node_modules/three": {
            "version": "0.116.1",
            "resolved": "https://registry.npmjs.org/three/-/three-0.116.1.tgz",
            "integrity": "sha512-l2JCMiA/lVZAuSrLWRYMalvpR+0j8hbIhCpfs4V6JFnw2+JQEQJ5HltNpfFr+9TDpQts1BhtcISehWf/xBGPvQ=="
        },
        "node_modules/three-text2d": {
            "version": "0.6.0",
            "resolved": "https://registry.npmjs.org/three-text2d/-/three-text2d-0.6.0.tgz",
            "integrity": "sha512-u0Lj+qfV63UPNmS+QaMkxZ1+ZjRgdKsoxs9Pli9xX7d2x8k2cUP7tCGomEgAc0pxqfm7PV0zZP5tFU37n4Vibw==",
            "peerDependencies": {
                "@types/three": "*",
                "three": "*"
            }
        },
        "node_modules/typescript": {
            "version": "3.8.3",
            "resolved": "https://registry.npmjs.org/typescript/-/typescript-3.8.3.tgz",
            "integrity": "sha512-MYlEfn5VrLNsgudQTVJeNaQFUAI7DkhnOjdpAp4T+ku1TfQClewlbSuTVHiA+8skNBgaf02TL/kLOvig4y3G8w==",
            "dev": true,
            "bin": {
                "tsc": "bin/tsc",
                "tsserver": "bin/tsserver"
            },
            "engines": {
                "node": ">=4.2.0"
            }
        }
    },
    "dependencies": {
        "@tweenjs/tween.js": {
            "version": "18.5.0",
            "resolved": "https://registry.npmjs.org/@tweenjs/tween.js/-/tween.js-18.5.0.tgz",
            "integrity": "sha512-/qyhdvbc6vWsFuiK7Wq74ZMu1F/9sFRlBv2qnjeu70XI0HRC8zOfUqbXT2irVLCSVuCI/fI7HphGdbsbyQ/Q5w=="
        },
        "@types/chroma-js": {
            "version": "2.0.0",
            "resolved": "https://registry.npmjs.org/@types/chroma-js/-/chroma-js-2.0.0.tgz",
            "integrity": "sha512-iomunXsXjDxhm2y1OeJt8NwmgC7RyNkPAOddlYVGsbGoX8+1jYt84SG4/tf6RWcwzROLx1kPXPE95by1s+ebIg==",
            "dev": true
        },
        "@types/tween.js": {
            "version": "18.5.0",
            "resolved": "https://registry.npmjs.org/@types/tween.js/-/tween.js-18.5.0.tgz",
            "integrity": "sha512-jx8DQOAYj9XOaa0sf0Ixy0bYhx3qFozyDiZnF8Mtfio6Uf9NJt/+RkuYHFmQ4DtHFty+wtVfN08jWJeYAfwcpA==",
            "dev": true
        },
        "chroma-js": {
            "version": "2.1.0",
            "resolved": "https://registry.npmjs.org/chroma-js/-/chroma-js-2.1.0.tgz",
            "integrity": "sha512-uiRdh4ZZy+UTPSrAdp8hqEdVb1EllLtTHOt5TMaOjJUvi+O54/83Fc5K2ld1P+TJX+dw5B+8/sCgzI6eaur/lg==",
            "requires": {
                "cross-env": "^6.0.3"
            }
        },
        "cross-env": {
            "version": "6.0.3",
            "resolved": "https://registry.npmjs.org/cross-env/-/cross-env-6.0.3.tgz",
            "integrity": "sha512-+KqxF6LCvfhWvADcDPqo64yVIB31gv/jQulX2NGzKS/g3GEVz6/pt4wjHFtFWsHMddebWD/sDthJemzM4MaAag==",
            "requires": {
                "cross-spawn": "^7.0.0"
            },
            "dependencies": {
                "cross-spawn": {
                    "version": "7.0.2",
                    "resolved": "https://registry.npmjs.org/cross-spawn/-/cross-spawn-7.0.2.tgz",
                    "integrity": "sha512-PD6G8QG3S4FK/XCGFbEQrDqO2AnMMsy0meR7lerlIOHAAbkuavGU/pOqprrlvfTNjvowivTeBsjebAL0NSoMxw==",
                    "requires": {
                        "path-key": "^3.1.0",
                        "shebang-command": "^2.0.0",
                        "which": "^2.0.1"
                    }
                },
                "path-key": {
                    "version": "3.1.1",
                    "resolved": "https://registry.npmjs.org/path-key/-/path-key-3.1.1.tgz",
                    "integrity": "sha512-ojmeN0qd+y0jszEtoY48r0Peq5dwMEkIlCOu6Q5f41lfkswXuKtYrhgoTpLnyIcHm24Uhqx+5Tqm2InSwLhE6Q=="
                },
                "shebang-command": {
                    "version": "2.0.0",
                    "resolved": "https://registry.npmjs.org/shebang-command/-/shebang-command-2.0.0.tgz",
                    "integrity": "sha512-kHxr2zZpYtdmrN1qDjrrX/Z1rR1kG8Dx+gkpK1G4eXmvXswmcE1hTWBWYUzlraYw1/yZp6YuDY77YtvbN0dmDA==",
                    "requires": {
                        "shebang-regex": "^3.0.0"
                    }
                },
                "shebang-regex": {
                    "version": "3.0.0",
                    "resolved": "https://registry.npmjs.org/shebang-regex/-/shebang-regex-3.0.0.tgz",
                    "integrity": "sha512-7++dFhtcx3353uBaq8DDR4NuxBetBzC7ZQOhmTQInHEd6bSrXdiEyzCvG07Z44UYdLShWUyXt5M/yhz8ekcb1A=="
                },
                "which": {
                    "version": "2.0.2",
                    "resolved": "https://registry.npmjs.org/which/-/which-2.0.2.tgz",
                    "integrity": "sha512-BLI3Tl1TW3Pvl70l3yq3Y64i+awpwXqsGBYWkkqMtnbXgrMD+yj7rhW0kuEDxzJaYXGjEW5ogapKNMEKNMjibA==",
                    "requires": {
                        "isexe": "^2.0.0"
                    }
                }
            }
        },
        "isexe": {
            "version": "2.0.0",
            "resolved": "https://registry.npmjs.org/isexe/-/isexe-2.0.0.tgz",
            "integrity": "sha1-6PvzdNxVb/iUehDcsFctYz8s+hA="
        },
        "three": {
            "version": "0.116.1",
            "resolved": "https://registry.npmjs.org/three/-/three-0.116.1.tgz",
            "integrity": "sha512-l2JCMiA/lVZAuSrLWRYMalvpR+0j8hbIhCpfs4V6JFnw2+JQEQJ5HltNpfFr+9TDpQts1BhtcISehWf/xBGPvQ=="
        },
        "three-text2d": {
            "version": "0.6.0",
            "resolved": "https://registry.npmjs.org/three-text2d/-/three-text2d-0.6.0.tgz",
            "integrity": "sha512-u0Lj+qfV63UPNmS+QaMkxZ1+ZjRgdKsoxs9Pli9xX7d2x8k2cUP7tCGomEgAc0pxqfm7PV0zZP5tFU37n4Vibw==",
            "requires": {}
        },
        "typescript": {
            "version": "3.8.3",
            "resolved": "https://registry.npmjs.org/typescript/-/typescript-3.8.3.tgz",
            "integrity": "sha512-MYlEfn5VrLNsgudQTVJeNaQFUAI7DkhnOjdpAp4T+ku1TfQClewlbSuTVHiA+8skNBgaf02TL/kLOvig4y3G8w==",
            "dev": true
        }
    }
}
